
Microsoft Visual Studio Solution File, Format Version 12.00
# Visual Studio 15
VisualStudioVersion = 15.0.28307.421
MinimumVisualStudioVersion = 10.0.40219.1
Project("{FAE04EC0-301F-11D3-BF4B-00C04F79EFBC}") = "NetMentoring_HttpClient", "NetMentoring_HttpClient\NetMentoring_HttpClient.csproj", "{F577C940-1907-4388-AEA1-EB4E864B9684}"
EndProject
Project("{FAE04EC0-301F-11D3-BF4B-00C04F79EFBC}") = "GUI", "GUI\GUI.csproj", "{4A72F365-65C2-4A7C-BE13-11058AD2EDA3}"
EndProject
Global
	GlobalSection(SolutionConfigurationPlatforms) = preSolution
		Debug|Any CPU = Debug|Any CPU
		Release|Any CPU = Release|Any CPU
	EndGlobalSection
	GlobalSection(ProjectConfigurationPlatforms) = postSolution
		{F577C940-1907-4388-AEA1-EB4E864B9684}.Debug|Any CPU.ActiveCfg = Debug|Any CPU
		{F577C940-1907-4388-AEA1-EB4E864B9684}.Debug|Any CPU.Build.0 = Debug|Any CPU
		{F577C940-1907-4388-AEA1-EB4E864B9684}.Release|Any CPU.ActiveCfg = Release|Any CPU
		{F577C940-1907-4388-AEA1-EB4E864B9684}.Release|Any CPU.Build.0 = Release|Any CPU
		{4A72F365-65C2-4A7C-BE13-11058AD2EDA3}.Debug|Any CPU.ActiveCfg = Debug|Any CPU
		{4A72F365-65C2-4A7C-BE13-11058AD2EDA3}.Debug|Any CPU.Build.0 = Debug|Any CPU
		{4A72F365-65C2-4A7C-BE13-11058AD2EDA3}.Release|Any CPU.ActiveCfg = Release|Any CPU
		{4A72F365-65C2-4A7C-BE13-11058AD2EDA3}.Release|Any CPU.Build.0 = Release|Any CPU
	EndGlobalSection
	GlobalSection(SolutionProperties) = preSolution
		HideSolutionNode = FALSE
	EndGlobalSection
	GlobalSection(ExtensibilityGlobals) = postSolution
		SolutionGuid = {0647299E-E0B1-42B4-90EC-CFC71D1A697D}
	EndGlobalSection
EndGlobal
